
Microsoft Visual Studio Solution File, Format Version 12.00
Project("{FAE04EC0-301F-11D3-BF4B-00C04F79EFBC}") = "FluentWeb", "FluentWeb.csproj", "{69C088CC-65A1-4AA9-AF52-CF3DA71B9480}"
EndProject
Global
	GlobalSection(SolutionConfigurationPlatforms) = preSolution
		Debug|Any CPU = Debug|Any CPU
		Release|Any CPU = Release|Any CPU
	EndGlobalSection
	GlobalSection(ProjectConfigurationPlatforms) = postSolution
		{69C088CC-65A1-4AA9-AF52-CF3DA71B9480}.Debug|Any CPU.ActiveCfg = Debug|Any CPU
		{69C088CC-65A1-4AA9-AF52-CF3DA71B9480}.Debug|Any CPU.Build.0 = Debug|Any CPU
		{69C088CC-65A1-4AA9-AF52-CF3DA71B9480}.Release|Any CPU.ActiveCfg = Release|Any CPU
		{69C088CC-65A1-4AA9-AF52-CF3DA71B9480}.Release|Any CPU.Build.0 = Release|Any CPU
	EndGlobalSection
EndGlobal
